
Microsoft Visual Studio Solution File, Format Version 12.00
Project("{FAE04EC0-301F-11D3-BF4B-00C04F79EFBC}") = "Analys.Crostab", "Analys.Crostab\Analys.Crostab.csproj", "{CBF63DD1-0D43-4280-9848-4B892A5A056A}"
EndProject
Project("{FAE04EC0-301F-11D3-BF4B-00C04F79EFBC}") = "Analys.Test", "Analys.Test\Analys.Test.csproj", "{2F149067-0B87-4A9D-98B3-0293DA633682}"
EndProject
Project("{FAE04EC0-301F-11D3-BF4B-00C04F79EFBC}") = "Analys.Table", "Analys.Table\Analys.Table.csproj", "{09AF4641-ED8A-4901-8018-6CE46336FAF3}"
EndProject
Project("{FAE04EC0-301F-11D3-BF4B-00C04F79EFBC}") = "Analys.DataGram", "Analys.DataGram\Analys.DataGram.csproj", "{482A172E-C926-457A-AE93-FF309943808E}"
EndProject
Project("{FAE04EC0-301F-11D3-BF4B-00C04F79EFBC}") = "Analys.Pivot", "Analys.Pivot\Analys.Pivot.csproj", "{1F95B48A-C8D4-474C-B4FF-CF69BED18BC3}"
EndProject
Project("{FAE04EC0-301F-11D3-BF4B-00C04F79EFBC}") = "Analys.Types", "Analys.Types\Analys.Types.csproj", "{71CBDFF5-935C-428A-87B1-96207E4D6DC8}"
EndProject
Project("{FAE04EC0-301F-11D3-BF4B-00C04F79EFBC}") = "Analys", "Analys\Analys.csproj", "{49BD1312-5EBD-4734-B5CB-E30A0A713F66}"
EndProject
Project("{FAE04EC0-301F-11D3-BF4B-00C04F79EFBC}") = "Analys.Deco", "Analys.Deco\Analys.Deco.csproj", "{CA710F5D-5E3B-4701-A2C1-EC42381D7A00}"
EndProject
Project("{FAE04EC0-301F-11D3-BF4B-00C04F79EFBC}") = "Analys.Mutable.Table", "Analys.Mutable.Table\Analys.Mutable.Table.csproj", "{9748CDDB-CE0A-4D2F-9715-9AFEF26BE385}"
EndProject
Project("{FAE04EC0-301F-11D3-BF4B-00C04F79EFBC}") = "Analys.Mutable", "Analys.Mutable\Analys.Mutable.csproj", "{CD024C5E-D9BA-4036-B2AF-4BBE013D3BB1}"
EndProject
Project("{FAE04EC0-301F-11D3-BF4B-00C04F79EFBC}") = "Analys.Mutable.Crostab", "Analys.Mutable.Crostab\Analys.Mutable.Crostab.csproj", "{8B7F2881-7E05-4374-AB3F-450412F762FA}"
EndProject
Project("{FAE04EC0-301F-11D3-BF4B-00C04F79EFBC}") = "Analys.Convert", "Analys.Convert\Analys.Convert.csproj", "{E52BEF55-2D6D-470D-B361-5918C7ABC0A3}"
EndProject
Project("{FAE04EC0-301F-11D3-BF4B-00C04F79EFBC}") = "Analys.Mutable.DataGram", "Analys.Mutable.DataGram\Analys.Mutable.DataGram.csproj", "{B6A2B833-DAC1-492B-A9C4-49F5A6BC7ACA}"
EndProject
Project("{FAE04EC0-301F-11D3-BF4B-00C04F79EFBC}") = "Analys.Mutable.Pivot", "Analys.Mutable.Pivot\Analys.Mutable.Pivot.csproj", "{F293393D-F0F9-47C1-A05E-DA139699C97B}"
EndProject
Project("{FAE04EC0-301F-11D3-BF4B-00C04F79EFBC}") = "Analys.Stat.Gadget", "Analys.Stat.Gadget\Analys.Stat.Gadget.csproj", "{0DAE00B1-63D2-4716-BA72-4DEE122FCCF4}"
EndProject
Project("{FAE04EC0-301F-11D3-BF4B-00C04F79EFBC}") = "Analys.VSTO.Table", "Analys.VSTO.Table\Analys.VSTO.Table.csproj", "{4760CAAF-A91B-418D-A31D-43582696D223}"
EndProject
Project("{FAE04EC0-301F-11D3-BF4B-00C04F79EFBC}") = "Analys.Histogram", "Analys.Histogram\Analys.Histogram.csproj", "{C84E438E-2098-43E0-80BF-BFC642A8F8DA}"
EndProject
Global
	GlobalSection(SolutionConfigurationPlatforms) = preSolution
		Debug|Any CPU = Debug|Any CPU
		Release|Any CPU = Release|Any CPU
	EndGlobalSection
	GlobalSection(ProjectConfigurationPlatforms) = postSolution
		{CBF63DD1-0D43-4280-9848-4B892A5A056A}.Debug|Any CPU.ActiveCfg = Debug|Any CPU
		{CBF63DD1-0D43-4280-9848-4B892A5A056A}.Debug|Any CPU.Build.0 = Debug|Any CPU
		{CBF63DD1-0D43-4280-9848-4B892A5A056A}.Release|Any CPU.ActiveCfg = Release|Any CPU
		{CBF63DD1-0D43-4280-9848-4B892A5A056A}.Release|Any CPU.Build.0 = Release|Any CPU
		{2F149067-0B87-4A9D-98B3-0293DA633682}.Debug|Any CPU.ActiveCfg = Debug|Any CPU
		{2F149067-0B87-4A9D-98B3-0293DA633682}.Debug|Any CPU.Build.0 = Debug|Any CPU
		{2F149067-0B87-4A9D-98B3-0293DA633682}.Release|Any CPU.ActiveCfg = Release|Any CPU
		{2F149067-0B87-4A9D-98B3-0293DA633682}.Release|Any CPU.Build.0 = Release|Any CPU
		{09AF4641-ED8A-4901-8018-6CE46336FAF3}.Debug|Any CPU.ActiveCfg = Debug|Any CPU
		{09AF4641-ED8A-4901-8018-6CE46336FAF3}.Debug|Any CPU.Build.0 = Debug|Any CPU
		{09AF4641-ED8A-4901-8018-6CE46336FAF3}.Release|Any CPU.ActiveCfg = Release|Any CPU
		{09AF4641-ED8A-4901-8018-6CE46336FAF3}.Release|Any CPU.Build.0 = Release|Any CPU
		{482A172E-C926-457A-AE93-FF309943808E}.Debug|Any CPU.ActiveCfg = Debug|Any CPU
		{482A172E-C926-457A-AE93-FF309943808E}.Debug|Any CPU.Build.0 = Debug|Any CPU
		{482A172E-C926-457A-AE93-FF309943808E}.Release|Any CPU.ActiveCfg = Release|Any CPU
		{482A172E-C926-457A-AE93-FF309943808E}.Release|Any CPU.Build.0 = Release|Any CPU
		{1F95B48A-C8D4-474C-B4FF-CF69BED18BC3}.Debug|Any CPU.ActiveCfg = Debug|Any CPU
		{1F95B48A-C8D4-474C-B4FF-CF69BED18BC3}.Debug|Any CPU.Build.0 = Debug|Any CPU
		{1F95B48A-C8D4-474C-B4FF-CF69BED18BC3}.Release|Any CPU.ActiveCfg = Release|Any CPU
		{1F95B48A-C8D4-474C-B4FF-CF69BED18BC3}.Release|Any CPU.Build.0 = Release|Any CPU
		{71CBDFF5-935C-428A-87B1-96207E4D6DC8}.Debug|Any CPU.ActiveCfg = Debug|Any CPU
		{71CBDFF5-935C-428A-87B1-96207E4D6DC8}.Debug|Any CPU.Build.0 = Debug|Any CPU
		{71CBDFF5-935C-428A-87B1-96207E4D6DC8}.Release|Any CPU.ActiveCfg = Release|Any CPU
		{71CBDFF5-935C-428A-87B1-96207E4D6DC8}.Release|Any CPU.Build.0 = Release|Any CPU
		{49BD1312-5EBD-4734-B5CB-E30A0A713F66}.Debug|Any CPU.ActiveCfg = Debug|Any CPU
		{49BD1312-5EBD-4734-B5CB-E30A0A713F66}.Debug|Any CPU.Build.0 = Debug|Any CPU
		{49BD1312-5EBD-4734-B5CB-E30A0A713F66}.Release|Any CPU.ActiveCfg = Release|Any CPU
		{49BD1312-5EBD-4734-B5CB-E30A0A713F66}.Release|Any CPU.Build.0 = Release|Any CPU
		{CA710F5D-5E3B-4701-A2C1-EC42381D7A00}.Debug|Any CPU.ActiveCfg = Debug|Any CPU
		{CA710F5D-5E3B-4701-A2C1-EC42381D7A00}.Debug|Any CPU.Build.0 = Debug|Any CPU
		{CA710F5D-5E3B-4701-A2C1-EC42381D7A00}.Release|Any CPU.ActiveCfg = Release|Any CPU
		{CA710F5D-5E3B-4701-A2C1-EC42381D7A00}.Release|Any CPU.Build.0 = Release|Any CPU
		{9748CDDB-CE0A-4D2F-9715-9AFEF26BE385}.Debug|Any CPU.ActiveCfg = Debug|Any CPU
		{9748CDDB-CE0A-4D2F-9715-9AFEF26BE385}.Debug|Any CPU.Build.0 = Debug|Any CPU
		{9748CDDB-CE0A-4D2F-9715-9AFEF26BE385}.Release|Any CPU.ActiveCfg = Release|Any CPU
		{9748CDDB-CE0A-4D2F-9715-9AFEF26BE385}.Release|Any CPU.Build.0 = Release|Any CPU
		{CD024C5E-D9BA-4036-B2AF-4BBE013D3BB1}.Debug|Any CPU.ActiveCfg = Debug|Any CPU
		{CD024C5E-D9BA-4036-B2AF-4BBE013D3BB1}.Debug|Any CPU.Build.0 = Debug|Any CPU
		{CD024C5E-D9BA-4036-B2AF-4BBE013D3BB1}.Release|Any CPU.ActiveCfg = Release|Any CPU
		{CD024C5E-D9BA-4036-B2AF-4BBE013D3BB1}.Release|Any CPU.Build.0 = Release|Any CPU
		{8B7F2881-7E05-4374-AB3F-450412F762FA}.Debug|Any CPU.ActiveCfg = Debug|Any CPU
		{8B7F2881-7E05-4374-AB3F-450412F762FA}.Debug|Any CPU.Build.0 = Debug|Any CPU
		{8B7F2881-7E05-4374-AB3F-450412F762FA}.Release|Any CPU.ActiveCfg = Release|Any CPU
		{8B7F2881-7E05-4374-AB3F-450412F762FA}.Release|Any CPU.Build.0 = Release|Any CPU
		{E52BEF55-2D6D-470D-B361-5918C7ABC0A3}.Debug|Any CPU.ActiveCfg = Debug|Any CPU
		{E52BEF55-2D6D-470D-B361-5918C7ABC0A3}.Debug|Any CPU.Build.0 = Debug|Any CPU
		{E52BEF55-2D6D-470D-B361-5918C7ABC0A3}.Release|Any CPU.ActiveCfg = Release|Any CPU
		{E52BEF55-2D6D-470D-B361-5918C7ABC0A3}.Release|Any CPU.Build.0 = Release|Any CPU
		{B6A2B833-DAC1-492B-A9C4-49F5A6BC7ACA}.Debug|Any CPU.ActiveCfg = Debug|Any CPU
		{B6A2B833-DAC1-492B-A9C4-49F5A6BC7ACA}.Debug|Any CPU.Build.0 = Debug|Any CPU
		{B6A2B833-DAC1-492B-A9C4-49F5A6BC7ACA}.Release|Any CPU.ActiveCfg = Release|Any CPU
		{B6A2B833-DAC1-492B-A9C4-49F5A6BC7ACA}.Release|Any CPU.Build.0 = Release|Any CPU
		{F293393D-F0F9-47C1-A05E-DA139699C97B}.Debug|Any CPU.ActiveCfg = Debug|Any CPU
		{F293393D-F0F9-47C1-A05E-DA139699C97B}.Debug|Any CPU.Build.0 = Debug|Any CPU
		{F293393D-F0F9-47C1-A05E-DA139699C97B}.Release|Any CPU.ActiveCfg = Release|Any CPU
		{F293393D-F0F9-47C1-A05E-DA139699C97B}.Release|Any CPU.Build.0 = Release|Any CPU
		{0DAE00B1-63D2-4716-BA72-4DEE122FCCF4}.Debug|Any CPU.ActiveCfg = Debug|Any CPU
		{0DAE00B1-63D2-4716-BA72-4DEE122FCCF4}.Debug|Any CPU.Build.0 = Debug|Any CPU
		{0DAE00B1-63D2-4716-BA72-4DEE122FCCF4}.Release|Any CPU.ActiveCfg = Release|Any CPU
		{0DAE00B1-63D2-4716-BA72-4DEE122FCCF4}.Release|Any CPU.Build.0 = Release|Any CPU
		{4760CAAF-A91B-418D-A31D-43582696D223}.Debug|Any CPU.ActiveCfg = Debug|Any CPU
		{4760CAAF-A91B-418D-A31D-43582696D223}.Debug|Any CPU.Build.0 = Debug|Any CPU
		{4760CAAF-A91B-418D-A31D-43582696D223}.Release|Any CPU.ActiveCfg = Release|Any CPU
		{4760CAAF-A91B-418D-A31D-43582696D223}.Release|Any CPU.Build.0 = Release|Any CPU
		{C84E438E-2098-43E0-80BF-BFC642A8F8DA}.Debug|Any CPU.ActiveCfg = Debug|Any CPU
		{C84E438E-2098-43E0-80BF-BFC642A8F8DA}.Debug|Any CPU.Build.0 = Debug|Any CPU
		{C84E438E-2098-43E0-80BF-BFC642A8F8DA}.Release|Any CPU.ActiveCfg = Release|Any CPU
		{C84E438E-2098-43E0-80BF-BFC642A8F8DA}.Release|Any CPU.Build.0 = Release|Any CPU
	EndGlobalSection
EndGlobal
